// !$*UTF8*$!
{
	archiveVersion = 1;
	classes = {
	};
	objectVersion = 46;
	objects = {

/* Begin PBXBuildFile section */
		3652C8561C14A86A00D92E0A /* logo.png in Resources */ = {isa = PBXBuildFile; fileRef = 3652C8551C14A86A00D92E0A /* logo.png */; };
		367406671C14956200B2CA4A /* AppDelegate.swift in Sources */ = {isa = PBXBuildFile; fileRef = 367406661C14956200B2CA4A /* AppDelegate.swift */; };
		367406691C14956200B2CA4A /* ViewController.swift in Sources */ = {isa = PBXBuildFile; fileRef = 367406681C14956200B2CA4A /* ViewController.swift */; };
		3674066C1C14956200B2CA4A /* Main.storyboard in Resources */ = {isa = PBXBuildFile; fileRef = 3674066A1C14956200B2CA4A /* Main.storyboard */; };
		3674066E1C14956200B2CA4A /* Assets.xcassets in Resources */ = {isa = PBXBuildFile; fileRef = 3674066D1C14956200B2CA4A /* Assets.xcassets */; };
		367406711C14956200B2CA4A /* LaunchScreen.storyboard in Resources */ = {isa = PBXBuildFile; fileRef = 3674066F1C14956200B2CA4A /* LaunchScreen.storyboard */; };
		3674067D1C14997C00B2CA4A /* 1.png in Resources */ = {isa = PBXBuildFile; fileRef = 367406781C14997C00B2CA4A /* 1.png */; };
		3674067E1C14997C00B2CA4A /* 2.png in Resources */ = {isa = PBXBuildFile; fileRef = 367406791C14997C00B2CA4A /* 2.png */; };
		3674067F1C14997C00B2CA4A /* 3.png in Resources */ = {isa = PBXBuildFile; fileRef = 3674067A1C14997C00B2CA4A /* 3.png */; };
		367406801C14997C00B2CA4A /* 4.png in Resources */ = {isa = PBXBuildFile; fileRef = 3674067B1C14997C00B2CA4A /* 4.png */; };
		367406811C14997C00B2CA4A /* 5.png in Resources */ = {isa = PBXBuildFile; fileRef = 3674067C1C14997C00B2CA4A /* 5.png */; };
/* End PBXBuildFile section */

/* Begin PBXFileReference section */
		3652C8551C14A86A00D92E0A /* logo.png */ = {isa = PBXFileReference; lastKnownFileType = image.png; path = logo.png; sourceTree = "<group>"; };
		367406631C14956200B2CA4A /* GuessingGame.app */ = {isa = PBXFileReference; explicitFileType = wrapper.application; includeInIndex = 0; path = GuessingGame.app; sourceTree = BUILT_PRODUCTS_DIR; };
		367406661C14956200B2CA4A /* AppDelegate.swift */ = {isa = PBXFileReference; lastKnownFileType = sourcecode.swift; path = AppDelegate.swift; sourceTree = "<group>"; };
		367406681C14956200B2CA4A /* ViewController.swift */ = {isa = PBXFileReference; lastKnownFileType = sourcecode.swift; path = ViewController.swift; sourceTree = "<group>"; };
		3674066B1C14956200B2CA4A /* Base */ = {isa = PBXFileReference; lastKnownFileType = file.storyboard; name = Base; path = Base.lproj/Main.storyboard; sourceTree = "<group>"; };
		3674066D1C14956200B2CA4A /* Assets.xcassets */ = {isa = PBXFileReference; lastKnownFileType = folder.assetcatalog; path = Assets.xcassets; sourceTree = "<group>"; };
		367406701C14956200B2CA4A /* Base */ = {isa = PBXFileReference; lastKnownFileType = file.storyboard; name = Base; path = Base.lproj/LaunchScreen.storyboard; sourceTree = "<group>"; };
		367406721C14956200B2CA4A /* Info.plist */ = {isa = PBXFileReference; lastKnownFileType = text.plist.xml; path = Info.plist; sourceTree = "<group>"; };
		367406781C14997C00B2CA4A /* 1.png */ = {isa = PBXFileReference; lastKnownFileType = image.png; path = 1.png; sourceTree = "<group>"; };
		367406791C14997C00B2CA4A /* 2.png */ = {isa = PBXFileReference; lastKnownFileType = image.png; path = 2.png; sourceTree = "<group>"; };
		3674067A1C14997C00B2CA4A /* 3.png */ = {isa = PBXFileReference; lastKnownFileType = image.png; path = 3.png; sourceTree = "<group>"; };
		3674067B1C14997C00B2CA4A /* 4.png */ = {isa = PBXFileReference; lastKnownFileType = image.png; path = 4.png; sourceTree = "<group>"; };
		3674067C1C14997C00B2CA4A /* 5.png */ = {isa = PBXFileReference; lastKnownFileType = image.png; path = 5.png; sourceTree = "<group>"; };
/* End PBXFileReference section */

/* Begin PBXFrameworksBuildPhase section */
		367406601C14956200B2CA4A /* Frameworks */ = {
			isa = PBXFrameworksBuildPhase;
			buildActionMask = 2147483647;
			files = (
			);
			runOnlyForDeploymentPostprocessing = 0;
		};
/* End PBXFrameworksBuildPhase section */

/* Begin PBXGroup section */
		3674065A1C14956200B2CA4A = {
			isa = PBXGroup;
			children = (
				367406651C14956200B2CA4A /* GuessingGame */,
				367406641C14956200B2CA4A /* Products */,
			);
			sourceTree = "<group>";
		};
		367406641C14956200B2CA4A /* Products */ = {
			isa = PBXGroup;
			children = (
				367406631C14956200B2CA4A /* GuessingGame.app */,
			);
			name = Products;
			sourceTree = "<group>";
		};
		367406651C14956200B2CA4A /* GuessingGame */ = {
			isa = PBXGroup;
			children = (
				367406661C14956200B2CA4A /* AppDelegate.swift */,
				367406681C14956200B2CA4A /* ViewController.swift */,
				3674066A1C14956200B2CA4A /* Main.storyboard */,
				3652C8551C14A86A00D92E0A /* logo.png */,
				3674066D1C14956200B2CA4A /* Assets.xcassets */,
				3674066F1C14956200B2CA4A /* LaunchScreen.storyboard */,
				367406721C14956200B2CA4A /* Info.plist */,
				367406781C14997C00B2CA4A /* 1.png */,
				367406791C14997C00B2CA4A /* 2.png */,
				3674067A1C14997C00B2CA4A /* 3.png */,
				3674067B1C14997C00B2CA4A /* 4.png */,
				3674067C1C14997C00B2CA4A /* 5.png */,
			);
			path = GuessingGame;
			sourceTree = "<group>";
		};
/* End PBXGroup section */

/* Begin PBXNativeTarget section */
		367406621C14956200B2CA4A /* GuessingGame */ = {
			isa = PBXNativeTarget;
			buildConfigurationList = 367406751C14956200B2CA4A /* Build configuration list for PBXNativeTarget "GuessingGame" */;
			buildPhases = (
				3674065F1C14956200B2CA4A /* Sources */,
				367406601C14956200B2CA4A /* Frameworks */,
				367406611C14956200B2CA4A /* Resources */,
			);
			buildRules = (
			);
			dependencies = (
			);
			name = GuessingGame;
			productName = GuessingGame;
			productReference = 367406631C14956200B2CA4A /* GuessingGame.app */;
			productType = "com.apple.product-type.application";
		};
/* End PBXNativeTarget section */

/* Begin PBXProject section */
		3674065B1C14956200B2CA4A /* Project object */ = {
			isa = PBXProject;
			attributes = {
				LastSwiftUpdateCheck = 0710;
				LastUpgradeCheck = 0710;
				ORGANIZATIONNAME = felipmorales;
				TargetAttributes = {
					367406621C14956200B2CA4A = {
						CreatedOnToolsVersion = 7.1.1;
						DevelopmentTeam = 79UBL9X458;
					};
				};
			};
			buildConfigurationList = 3674065E1C14956200B2CA4A /* Build configuration list for PBXProject "GuessingGame" */;
			compatibilityVersion = "Xcode 3.2";
			developmentRegion = English;
			hasScannedForEncodings = 0;
			knownRegions = (
				en,
				Base,
			);
			mainGroup = 3674065A1C14956200B2CA4A;
			productRefGroup = 367406641C14956200B2CA4A /* Products */;
			projectDirPath = "";
			projectRoot = "";
			targets = (
				367406621C14956200B2CA4A /* GuessingGame */,
			);
		};
/* End PBXProject section */

/* Begin PBXResourcesBuildPhase section */
		367406611C14956200B2CA4A /* Resources */ = {
			isa = PBXResourcesBuildPhase;
			buildActionMask = 2147483647;
			files = (
				367406711C14956200B2CA4A /* LaunchScreen.storyboard in Resources */,
				367406801C14997C00B2CA4A /* 4.png in Resources */,
				3652C8561C14A86A00D92E0A /* logo.png in Resources */,
				3674067D1C14997C00B2CA4A /* 1.png in Resources */,
				3674067E1C14997C00B2CA4A /* 2.png in Resources */,
				3674067F1C14997C00B2CA4A /* 3.png in Resources */,
				367406811C14997C00B2CA4A /* 5.png in Resources */,
				3674066E1C14956200B2CA4A /* Assets.xcassets in Resources */,
				3674066C1C14956200B2CA4A /* Main.storyboard in Resources */,
			);
			runOnlyForDeploymentPostprocessing = 0;
		};
/* End PBXResourcesBuildPhase section */

/* Begin PBXSourcesBuildPhase section */
		3674065F1C14956200B2CA4A /* Sources */ = {
			isa = PBXSourcesBuildPhase;
			buildActionMask = 2147483647;
			files = (
				367406691C14956200B2CA4A /* ViewController.swift in Sources */,
				367406671C14956200B2CA4A /* AppDelegate.swift in Sources */,
			);
			runOnlyForDeploymentPostprocessing = 0;
		};
/* End PBXSourcesBuildPhase section */

/* Begin PBXVariantGroup section */
		3674066A1C14956200B2CA4A /* Main.storyboard */ = {
			isa = PBXVariantGroup;
			children = (
				3674066B1C14956200B2CA4A /* Base */,
			);
			name = Main.storyboard;
			sourceTree = "<group>";
		};
		3674066F1C14956200B2CA4A /* LaunchScreen.storyboard */ = {
			isa = PBXVariantGroup;
			children = (
				367406701C14956200B2CA4A /* Base */,
			);
			name = LaunchScreen.storyboard;
			sourceTree = "<group>";
		};
/* End PBXVariantGroup section */

/* Begin XCBuildConfiguration section */
		367406731C14956200B2CA4A /* Debug */ = {
			isa = XCBuildConfiguration;
			buildSettings = {
				ALWAYS_SEARCH_USER_PATHS = NO;
				CLANG_CXX_LANGUAGE_STANDARD = "gnu++0x";
				CLANG_CXX_LIBRARY = "libc++";
				CLANG_ENABLE_MODULES = YES;
				CLANG_ENABLE_OBJC_ARC = YES;
				CLANG_WARN_BOOL_CONVERSION = YES;
				CLANG_WARN_CONSTANT_CONVERSION = YES;
				CLANG_WARN_DIRECT_OBJC_ISA_USAGE = YES_ERROR;
				CLANG_WARN_EMPTY_BODY = YES;
				CLANG_WARN_ENUM_CONVERSION = YES;
				CLANG_WARN_INT_CONVERSION = YES;
				CLANG_WARN_OBJC_ROOT_CLASS = YES_ERROR;
				CLANG_WARN_UNREACHABLE_CODE = YES;
				CLANG_WARN__DUPLICATE_METHOD_MATCH = YES;
				"CODE_SIGN_IDENTITY[sdk=iphoneos*]" = "iPhone Developer";
				COPY_PHASE_STRIP = NO;
				DEBUG_INFORMATION_FORMAT = dwarf;
				ENABLE_STRICT_OBJC_MSGSEND = YES;
				ENABLE_TESTABILITY = YES;
				GCC_C_LANGUAGE_STANDARD = gnu99;
				GCC_DYNAMIC_NO_PIC = NO;
				GCC_NO_COMMON_BLOCKS = YES;
				GCC_OPTIMIZATION_LEVEL = 0;
				GCC_PREPROCESSOR_DEFINITIONS = (
					"DEBUG=1",
					"$(inherited)",
				);
				GCC_WARN_64_TO_32_BIT_CONVERSION = YES;
				GCC_WARN_ABOUT_RETURN_TYPE = YES_ERROR;
				GCC_WARN_UNDECLARED_SELECTOR = YES;
				GCC_WARN_UNINITIALIZED_AUTOS = YES_AGGRESSIVE;
				GCC_WARN_UNUSED_FUNCTION = YES;
				GCC_WARN_UNUSED_VARIABLE = YES;
				IPHONEOS_DEPLOYMENT_TARGET = 9.1;
				MTL_ENABLE_DEBUG_INFO = YES;
				ONLY_ACTIVE_ARCH = YES;
				SDKROOT = iphoneos;
				SWIFT_OPTIMIZATION_LEVEL = "-Onone";
			};
			name = Debug;
		};
		367406741C14956200B2CA4A /* Release */ = {
			isa = XCBuildConfiguration;
			buildSettings = {
				ALWAYS_SEARCH_USER_PATHS = NO;
				CLANG_CXX_LANGUAGE_STANDARD = "gnu++0x";
				CLANG_CXX_LIBRARY = "libc++";
				CLANG_ENABLE_MODULES = YES;
				CLANG_ENABLE_OBJC_ARC = YES;
				CLANG_WARN_BOOL_CONVERSION = YES;
				CLANG_WARN_CONSTANT_CONVERSION = YES;
				CLANG_WARN_DIRECT_OBJC_ISA_USAGE = YES_ERROR;
				CLANG_WARN_EMPTY_BODY = YES;
				CLANG_WARN_ENUM_CONVERSION = YES;
				CLANG_WARN_INT_CONVERSION = YES;
				CLANG_WARN_OBJC_ROOT_CLASS = YES_ERROR;
				CLANG_WARN_UNREACHABLE_CODE = YES;
				CLANG_WARN__DUPLICATE_METHOD_MATCH = YES;
				"CODE_SIGN_IDENTITY[sdk=iphoneos*]" = "iPhone Developer";
				COPY_PHASE_STRIP = NO;
				DEBUG_INFORMATION_FORMAT = "dwarf-with-dsym";
				ENABLE_NS_ASSERTIONS = NO;
				ENABLE_STRICT_OBJC_MSGSEND = YES;
				GCC_C_LANGUAGE_STANDARD = gnu99;
				GCC_NO_COMMON_BLOCKS = YES;
				GCC_WARN_64_TO_32_BIT_CONVERSION = YES;
				GCC_WARN_ABOUT_RETURN_TYPE = YES_ERROR;
				GCC_WARN_UNDECLARED_SELECTOR = YES;
				GCC_WARN_UNINITIALIZED_AUTOS = YES_AGGRESSIVE;
				GCC_WARN_UNUSED_FUNCTION = YES;
				GCC_WARN_UNUSED_VARIABLE = YES;
				IPHONEOS_DEPLOYMENT_TARGET = 9.1;
				MTL_ENABLE_DEBUG_INFO = NO;
				SDKROOT = iphoneos;
				VALIDATE_PRODUCT = YES;
			};
			name = Release;
		};
		367406761C14956200B2CA4A /* Debug */ = {
			isa = XCBuildConfiguration;
			buildSettings = {
				ASSETCATALOG_COMPILER_APPICON_NAME = AppIcon;
				INFOPLIST_FILE = GuessingGame/Info.plist;
				LD_RUNPATH_SEARCH_PATHS = "$(inherited) @executable_path/Frameworks";
				PRODUCT_BUNDLE_IDENTIFIER = com.felipmorales.GuessingGame;
				PRODUCT_NAME = "$(TARGET_NAME)";
			};
			name = Debug;
		};
		367406771C14956200B2CA4A /* Release */ = {
			isa = XCBuildConfiguration;
			buildSettings = {
				ASSETCATALOG_COMPILER_APPICON_NAME = AppIcon;
				INFOPLIST_FILE = GuessingGame/Info.plist;
				LD_RUNPATH_SEARCH_PATHS = "$(inherited) @executable_path/Frameworks";
				PRODUCT_BUNDLE_IDENTIFIER = com.felipmorales.GuessingGame;
				PRODUCT_NAME = "$(TARGET_NAME)";
			};
			name = Release;
		};
/* End XCBuildConfiguration section */

/* Begin XCConfigurationList section */
		3674065E1C14956200B2CA4A /* Build configuration list for PBXProject "GuessingGame" */ = {
			isa = XCConfigurationList;
			buildConfigurations = (
				367406731C14956200B2CA4A /* Debug */,
				367406741C14956200B2CA4A /* Release */,
			);
			defaultConfigurationIsVisible = 0;
			defaultConfigurationName = Release;
		};
		367406751C14956200B2CA4A /* Build configuration list for PBXNativeTarget "GuessingGame" */ = {
			isa = XCConfigurationList;
			buildConfigurations = (
				367406761C14956200B2CA4A /* Debug */,
				367406771C14956200B2CA4A /* Release */,
			);
			defaultConfigurationIsVisible = 0;
			defaultConfigurationName = Release;
		};
/* End XCConfigurationList section */
	};
	rootObject = 3674065B1C14956200B2CA4A /* Project object */;
}
